
Microsoft Visual Studio Solution File, Format Version 12.00
# Visual Studio Version 16
VisualStudioVersion = 16.0.32002.261
MinimumVisualStudioVersion = 10.0.40219.1
Project("{FAE04EC0-301F-11D3-BF4B-00C04F79EFBC}") = "NOCsClocks", "NOCsClocks\NOCsClocks.csproj", "{111EF201-48BC-40A2-8E21-077B40866B0F}"
EndProject
Global
	GlobalSection(SolutionConfigurationPlatforms) = preSolution
		Debug|Any CPU = Debug|Any CPU
		Release|Any CPU = Release|Any CPU
	EndGlobalSection
	GlobalSection(ProjectConfigurationPlatforms) = postSolution
		{111EF201-48BC-40A2-8E21-077B40866B0F}.Debug|Any CPU.ActiveCfg = Debug|Any CPU
		{111EF201-48BC-40A2-8E21-077B40866B0F}.Debug|Any CPU.Build.0 = Debug|Any CPU
		{111EF201-48BC-40A2-8E21-077B40866B0F}.Release|Any CPU.ActiveCfg = Release|Any CPU
		{111EF201-48BC-40A2-8E21-077B40866B0F}.Release|Any CPU.Build.0 = Release|Any CPU
	EndGlobalSection
	GlobalSection(SolutionProperties) = preSolution
		HideSolutionNode = FALSE
	EndGlobalSection
	GlobalSection(ExtensibilityGlobals) = postSolution
		SolutionGuid = {6DBC58E2-E246-4457-A6F1-9E34F35BFB21}
	EndGlobalSection
EndGlobal
